
Microsoft Visual Studio Solution File, Format Version 12.00
# Visual Studio 14
VisualStudioVersion = 14.0.24720.0
MinimumVisualStudioVersion = 10.0.40219.1
Project("{8BC9CEB8-8B4A-11D0-8D11-00A0C91BC942}") = "dllCppTest", "dllCppTest\dllCppTest.vcxproj", "{37A7E2BD-6327-4ADD-997E-005B57098EC3}"
EndProject
Project("{8BC9CEB8-8B4A-11D0-8D11-00A0C91BC942}") = "dllCppTestDemo", "..\dllCppTestDemo\dllCppTestDemo\dllCppTestDemo.vcxproj", "{2EA05776-DBBC-42C9-A969-063B5A753081}"
	ProjectSection(ProjectDependencies) = postProject
		{37A7E2BD-6327-4ADD-997E-005B57098EC3} = {37A7E2BD-6327-4ADD-997E-005B57098EC3}
	EndProjectSection
EndProject
Project("{FAE04EC0-301F-11D3-BF4B-00C04F79EFBC}") = "libObj2Buffer", "..\libObj2Buffer\libObj2Buffer.csproj", "{7836BEAE-0993-4940-87B7-98C7B5946B0E}"
EndProject
Project("{8BC9CEB8-8B4A-11D0-8D11-00A0C91BC942}") = "libObj2BufferCpp", "..\libObj2BufferCpp\libObj2BufferCpp.vcxproj", "{09B5699F-20BB-434A-8779-A26DCED7D158}"
EndProject
Project("{FAE04EC0-301F-11D3-BF4B-00C04F79EFBC}") = "libObj2BufferSample", "..\libObj2BufferSample\libObj2BufferSample.csproj", "{9102EA28-56D1-4D38-9B3C-B2472BD4A527}"
EndProject
Project("{8BC9CEB8-8B4A-11D0-8D11-00A0C91BC942}") = "libSmoothSample", "..\libSmoothSample\libSmoothSample.vcxproj", "{E4372A56-C123-4017-94CF-345FEDC2DB94}"
EndProject
Project("{8BC9CEB8-8B4A-11D0-8D11-00A0C91BC942}") = "IvconSample", "..\IvconSample\IvconSample.vcxproj", "{A7182B2E-E0B5-4A84-8D42-68B60BDF8233}"
EndProject
Global
	GlobalSection(SolutionConfigurationPlatforms) = preSolution
		Debug|Any CPU = Debug|Any CPU
		Debug|ARM = Debug|ARM
		Debug|Win32 = Debug|Win32
		Debug|x64 = Debug|x64
		Debug|x86 = Debug|x86
		Release|Any CPU = Release|Any CPU
		Release|ARM = Release|ARM
		Release|Win32 = Release|Win32
		Release|x64 = Release|x64
		Release|x86 = Release|x86
	EndGlobalSection
	GlobalSection(ProjectConfigurationPlatforms) = postSolution
		{37A7E2BD-6327-4ADD-997E-005B57098EC3}.Debug|Any CPU.ActiveCfg = Debug|Win32
		{37A7E2BD-6327-4ADD-997E-005B57098EC3}.Debug|ARM.ActiveCfg = Debug|Win32
		{37A7E2BD-6327-4ADD-997E-005B57098EC3}.Debug|Win32.ActiveCfg = Debug|Win32
		{37A7E2BD-6327-4ADD-997E-005B57098EC3}.Debug|Win32.Build.0 = Debug|Win32
		{37A7E2BD-6327-4ADD-997E-005B57098EC3}.Debug|x64.ActiveCfg = Debug|x64
		{37A7E2BD-6327-4ADD-997E-005B57098EC3}.Debug|x64.Build.0 = Debug|x64
		{37A7E2BD-6327-4ADD-997E-005B57098EC3}.Debug|x86.ActiveCfg = Debug|Win32
		{37A7E2BD-6327-4ADD-997E-005B57098EC3}.Debug|x86.Build.0 = Debug|Win32
		{37A7E2BD-6327-4ADD-997E-005B57098EC3}.Debug|x86.Deploy.0 = Debug|Win32
		{37A7E2BD-6327-4ADD-997E-005B57098EC3}.Release|Any CPU.ActiveCfg = Release|Win32
		{37A7E2BD-6327-4ADD-997E-005B57098EC3}.Release|ARM.ActiveCfg = Release|Win32
		{37A7E2BD-6327-4ADD-997E-005B57098EC3}.Release|Win32.ActiveCfg = Debug|Win32
		{37A7E2BD-6327-4ADD-997E-005B57098EC3}.Release|Win32.Build.0 = Debug|Win32
		{37A7E2BD-6327-4ADD-997E-005B57098EC3}.Release|x64.ActiveCfg = Release|x64
		{37A7E2BD-6327-4ADD-997E-005B57098EC3}.Release|x64.Build.0 = Release|x64
		{37A7E2BD-6327-4ADD-997E-005B57098EC3}.Release|x86.ActiveCfg = Release|Win32
		{37A7E2BD-6327-4ADD-997E-005B57098EC3}.Release|x86.Build.0 = Release|Win32
		{2EA05776-DBBC-42C9-A969-063B5A753081}.Debug|Any CPU.ActiveCfg = Debug|Win32
		{2EA05776-DBBC-42C9-A969-063B5A753081}.Debug|ARM.ActiveCfg = Debug|Win32
		{2EA05776-DBBC-42C9-A969-063B5A753081}.Debug|Win32.ActiveCfg = Debug|Win32
		{2EA05776-DBBC-42C9-A969-063B5A753081}.Debug|Win32.Build.0 = Debug|Win32
		{2EA05776-DBBC-42C9-A969-063B5A753081}.Debug|x64.ActiveCfg = Debug|x64
		{2EA05776-DBBC-42C9-A969-063B5A753081}.Debug|x64.Build.0 = Debug|x64
		{2EA05776-DBBC-42C9-A969-063B5A753081}.Debug|x86.ActiveCfg = Debug|Win32
		{2EA05776-DBBC-42C9-A969-063B5A753081}.Debug|x86.Build.0 = Debug|Win32
		{2EA05776-DBBC-42C9-A969-063B5A753081}.Release|Any CPU.ActiveCfg = Release|Win32
		{2EA05776-DBBC-42C9-A969-063B5A753081}.Release|ARM.ActiveCfg = Release|Win32
		{2EA05776-DBBC-42C9-A969-063B5A753081}.Release|Win32.ActiveCfg = Release|Win32
		{2EA05776-DBBC-42C9-A969-063B5A753081}.Release|Win32.Build.0 = Release|Win32
		{2EA05776-DBBC-42C9-A969-063B5A753081}.Release|x64.ActiveCfg = Release|x64
		{2EA05776-DBBC-42C9-A969-063B5A753081}.Release|x64.Build.0 = Release|x64
		{2EA05776-DBBC-42C9-A969-063B5A753081}.Release|x86.ActiveCfg = Release|Win32
		{2EA05776-DBBC-42C9-A969-063B5A753081}.Release|x86.Build.0 = Release|Win32
		{7836BEAE-0993-4940-87B7-98C7B5946B0E}.Debug|Any CPU.ActiveCfg = Debug|Any CPU
		{7836BEAE-0993-4940-87B7-98C7B5946B0E}.Debug|Any CPU.Build.0 = Debug|Any CPU
		{7836BEAE-0993-4940-87B7-98C7B5946B0E}.Debug|ARM.ActiveCfg = Debug|Any CPU
		{7836BEAE-0993-4940-87B7-98C7B5946B0E}.Debug|ARM.Build.0 = Debug|Any CPU
		{7836BEAE-0993-4940-87B7-98C7B5946B0E}.Debug|Win32.ActiveCfg = Debug|Any CPU
		{7836BEAE-0993-4940-87B7-98C7B5946B0E}.Debug|Win32.Build.0 = Debug|Any CPU
		{7836BEAE-0993-4940-87B7-98C7B5946B0E}.Debug|x64.ActiveCfg = Debug|Any CPU
		{7836BEAE-0993-4940-87B7-98C7B5946B0E}.Debug|x64.Build.0 = Debug|Any CPU
		{7836BEAE-0993-4940-87B7-98C7B5946B0E}.Debug|x86.ActiveCfg = Debug|Any CPU
		{7836BEAE-0993-4940-87B7-98C7B5946B0E}.Debug|x86.Build.0 = Debug|Any CPU
		{7836BEAE-0993-4940-87B7-98C7B5946B0E}.Release|Any CPU.ActiveCfg = Release|Any CPU
		{7836BEAE-0993-4940-87B7-98C7B5946B0E}.Release|Any CPU.Build.0 = Release|Any CPU
		{7836BEAE-0993-4940-87B7-98C7B5946B0E}.Release|ARM.ActiveCfg = Release|Any CPU
		{7836BEAE-0993-4940-87B7-98C7B5946B0E}.Release|ARM.Build.0 = Release|Any CPU
		{7836BEAE-0993-4940-87B7-98C7B5946B0E}.Release|Win32.ActiveCfg = Release|Any CPU
		{7836BEAE-0993-4940-87B7-98C7B5946B0E}.Release|Win32.Build.0 = Release|Any CPU
		{7836BEAE-0993-4940-87B7-98C7B5946B0E}.Release|x64.ActiveCfg = Release|Any CPU
		{7836BEAE-0993-4940-87B7-98C7B5946B0E}.Release|x64.Build.0 = Release|Any CPU
		{7836BEAE-0993-4940-87B7-98C7B5946B0E}.Release|x86.ActiveCfg = Release|Any CPU
		{7836BEAE-0993-4940-87B7-98C7B5946B0E}.Release|x86.Build.0 = Release|Any CPU
		{09B5699F-20BB-434A-8779-A26DCED7D158}.Debug|Any CPU.ActiveCfg = Debug|Win32
		{09B5699F-20BB-434A-8779-A26DCED7D158}.Debug|ARM.ActiveCfg = Debug|Win32
		{09B5699F-20BB-434A-8779-A26DCED7D158}.Debug|Win32.ActiveCfg = Debug|Win32
		{09B5699F-20BB-434A-8779-A26DCED7D158}.Debug|Win32.Build.0 = Debug|Win32
		{09B5699F-20BB-434A-8779-A26DCED7D158}.Debug|x64.ActiveCfg = Debug|x64
		{09B5699F-20BB-434A-8779-A26DCED7D158}.Debug|x64.Build.0 = Debug|x64
		{09B5699F-20BB-434A-8779-A26DCED7D158}.Debug|x86.ActiveCfg = Debug|Win32
		{09B5699F-20BB-434A-8779-A26DCED7D158}.Debug|x86.Build.0 = Debug|Win32
		{09B5699F-20BB-434A-8779-A26DCED7D158}.Release|Any CPU.ActiveCfg = Release|Win32
		{09B5699F-20BB-434A-8779-A26DCED7D158}.Release|ARM.ActiveCfg = Release|Win32
		{09B5699F-20BB-434A-8779-A26DCED7D158}.Release|Win32.ActiveCfg = Release|Win32
		{09B5699F-20BB-434A-8779-A26DCED7D158}.Release|Win32.Build.0 = Release|Win32
		{09B5699F-20BB-434A-8779-A26DCED7D158}.Release|x64.ActiveCfg = Release|x64
		{09B5699F-20BB-434A-8779-A26DCED7D158}.Release|x64.Build.0 = Release|x64
		{09B5699F-20BB-434A-8779-A26DCED7D158}.Release|x86.ActiveCfg = Release|Win32
		{09B5699F-20BB-434A-8779-A26DCED7D158}.Release|x86.Build.0 = Release|Win32
		{9102EA28-56D1-4D38-9B3C-B2472BD4A527}.Debug|Any CPU.ActiveCfg = Debug|Any CPU
		{9102EA28-56D1-4D38-9B3C-B2472BD4A527}.Debug|Any CPU.Build.0 = Debug|Any CPU
		{9102EA28-56D1-4D38-9B3C-B2472BD4A527}.Debug|ARM.ActiveCfg = Debug|Any CPU
		{9102EA28-56D1-4D38-9B3C-B2472BD4A527}.Debug|ARM.Build.0 = Debug|Any CPU
		{9102EA28-56D1-4D38-9B3C-B2472BD4A527}.Debug|Win32.ActiveCfg = Debug|Any CPU
		{9102EA28-56D1-4D38-9B3C-B2472BD4A527}.Debug|Win32.Build.0 = Debug|Any CPU
		{9102EA28-56D1-4D38-9B3C-B2472BD4A527}.Debug|x64.ActiveCfg = Debug|Any CPU
		{9102EA28-56D1-4D38-9B3C-B2472BD4A527}.Debug|x64.Build.0 = Debug|Any CPU
		{9102EA28-56D1-4D38-9B3C-B2472BD4A527}.Debug|x86.ActiveCfg = Debug|Any CPU
		{9102EA28-56D1-4D38-9B3C-B2472BD4A527}.Debug|x86.Build.0 = Debug|Any CPU
		{9102EA28-56D1-4D38-9B3C-B2472BD4A527}.Release|Any CPU.ActiveCfg = Release|Any CPU
		{9102EA28-56D1-4D38-9B3C-B2472BD4A527}.Release|Any CPU.Build.0 = Release|Any CPU
		{9102EA28-56D1-4D38-9B3C-B2472BD4A527}.Release|ARM.ActiveCfg = Release|Any CPU
		{9102EA28-56D1-4D38-9B3C-B2472BD4A527}.Release|ARM.Build.0 = Release|Any CPU
		{9102EA28-56D1-4D38-9B3C-B2472BD4A527}.Release|Win32.ActiveCfg = Release|Any CPU
		{9102EA28-56D1-4D38-9B3C-B2472BD4A527}.Release|Win32.Build.0 = Release|Any CPU
		{9102EA28-56D1-4D38-9B3C-B2472BD4A527}.Release|x64.ActiveCfg = Release|Any CPU
		{9102EA28-56D1-4D38-9B3C-B2472BD4A527}.Release|x64.Build.0 = Release|Any CPU
		{9102EA28-56D1-4D38-9B3C-B2472BD4A527}.Release|x86.ActiveCfg = Release|Any CPU
		{9102EA28-56D1-4D38-9B3C-B2472BD4A527}.Release|x86.Build.0 = Release|Any CPU
		{E4372A56-C123-4017-94CF-345FEDC2DB94}.Debug|Any CPU.ActiveCfg = Debug|Win32
		{E4372A56-C123-4017-94CF-345FEDC2DB94}.Debug|ARM.ActiveCfg = Debug|Win32
		{E4372A56-C123-4017-94CF-345FEDC2DB94}.Debug|Win32.ActiveCfg = Debug|Win32
		{E4372A56-C123-4017-94CF-345FEDC2DB94}.Debug|Win32.Build.0 = Debug|Win32
		{E4372A56-C123-4017-94CF-345FEDC2DB94}.Debug|x64.ActiveCfg = Debug|x64
		{E4372A56-C123-4017-94CF-345FEDC2DB94}.Debug|x64.Build.0 = Debug|x64
		{E4372A56-C123-4017-94CF-345FEDC2DB94}.Debug|x86.ActiveCfg = Debug|Win32
		{E4372A56-C123-4017-94CF-345FEDC2DB94}.Debug|x86.Build.0 = Debug|Win32
		{E4372A56-C123-4017-94CF-345FEDC2DB94}.Release|Any CPU.ActiveCfg = Release|Win32
		{E4372A56-C123-4017-94CF-345FEDC2DB94}.Release|ARM.ActiveCfg = Release|Win32
		{E4372A56-C123-4017-94CF-345FEDC2DB94}.Release|Win32.ActiveCfg = Release|Win32
		{E4372A56-C123-4017-94CF-345FEDC2DB94}.Release|Win32.Build.0 = Release|Win32
		{E4372A56-C123-4017-94CF-345FEDC2DB94}.Release|x64.ActiveCfg = Release|x64
		{E4372A56-C123-4017-94CF-345FEDC2DB94}.Release|x64.Build.0 = Release|x64
		{E4372A56-C123-4017-94CF-345FEDC2DB94}.Release|x86.ActiveCfg = Release|Win32
		{E4372A56-C123-4017-94CF-345FEDC2DB94}.Release|x86.Build.0 = Release|Win32
		{A7182B2E-E0B5-4A84-8D42-68B60BDF8233}.Debug|Any CPU.ActiveCfg = Debug|Win32
		{A7182B2E-E0B5-4A84-8D42-68B60BDF8233}.Debug|ARM.ActiveCfg = Debug|Win32
		{A7182B2E-E0B5-4A84-8D42-68B60BDF8233}.Debug|Win32.ActiveCfg = Debug|Win32
		{A7182B2E-E0B5-4A84-8D42-68B60BDF8233}.Debug|Win32.Build.0 = Debug|Win32
		{A7182B2E-E0B5-4A84-8D42-68B60BDF8233}.Debug|x64.ActiveCfg = Debug|x64
		{A7182B2E-E0B5-4A84-8D42-68B60BDF8233}.Debug|x64.Build.0 = Debug|x64
		{A7182B2E-E0B5-4A84-8D42-68B60BDF8233}.Debug|x86.ActiveCfg = Debug|Win32
		{A7182B2E-E0B5-4A84-8D42-68B60BDF8233}.Debug|x86.Build.0 = Debug|Win32
		{A7182B2E-E0B5-4A84-8D42-68B60BDF8233}.Release|Any CPU.ActiveCfg = Release|Win32
		{A7182B2E-E0B5-4A84-8D42-68B60BDF8233}.Release|ARM.ActiveCfg = Release|Win32
		{A7182B2E-E0B5-4A84-8D42-68B60BDF8233}.Release|Win32.ActiveCfg = Release|Win32
		{A7182B2E-E0B5-4A84-8D42-68B60BDF8233}.Release|Win32.Build.0 = Release|Win32
		{A7182B2E-E0B5-4A84-8D42-68B60BDF8233}.Release|x64.ActiveCfg = Release|x64
		{A7182B2E-E0B5-4A84-8D42-68B60BDF8233}.Release|x64.Build.0 = Release|x64
		{A7182B2E-E0B5-4A84-8D42-68B60BDF8233}.Release|x86.ActiveCfg = Release|Win32
		{A7182B2E-E0B5-4A84-8D42-68B60BDF8233}.Release|x86.Build.0 = Release|Win32
	EndGlobalSection
	GlobalSection(SolutionProperties) = preSolution
		HideSolutionNode = FALSE
	EndGlobalSection
EndGlobal
